
Microsoft Visual Studio Solution File, Format Version 12.00
Project("{2150E333-8FDC-42A3-9474-1A3956D46DE8}") = "1 - Api", "1 - Api", "{3876D122-8FF9-4B2E-9504-9E869BCA1061}"
EndProject
Project("{2150E333-8FDC-42A3-9474-1A3956D46DE8}") = "2 - ApplicationServices", "2 - ApplicationServices", "{ACE4707C-ADDB-4118-B940-34A7CF0F9F14}"
EndProject
Project("{2150E333-8FDC-42A3-9474-1A3956D46DE8}") = "3 - DomainServices", "3 - DomainServices", "{01861283-20D7-4D8D-9516-BEDAFB26E715}"
EndProject
Project("{2150E333-8FDC-42A3-9474-1A3956D46DE8}") = "4 - Domain", "4 - Domain", "{5565EFF4-099C-4619-BCBA-FA56FEBE83CC}"
EndProject
Project("{2150E333-8FDC-42A3-9474-1A3956D46DE8}") = "5 - Infrastructure", "5 - Infrastructure", "{386458BF-2A2B-4922-AE9C-7AEFCE403861}"
EndProject
Project("{2150E333-8FDC-42A3-9474-1A3956D46DE8}") = "7 - IoC", "7 - IoC", "{6857F354-2094-4264-95DA-D736C1F4910E}"
EndProject
Project("{2150E333-8FDC-42A3-9474-1A3956D46DE8}") = "6 - Core", "6 - Core", "{482D8C5D-DFDF-4BF4-96B6-2AE9EE8AE723}"
EndProject
Project("{FAE04EC0-301F-11D3-BF4B-00C04F79EFBC}") = "StorEsc.ApplicationServices", "src\StorEsc.ApplicationServices\StorEsc.ApplicationServices.csproj", "{B4294A76-A1D8-467C-B851-E1BD7A6FBFDA}"
EndProject
Project("{FAE04EC0-301F-11D3-BF4B-00C04F79EFBC}") = "StorEsc.DomainServices", "src\StorEsc.DomainServices\StorEsc.DomainServices.csproj", "{5D8DA9C4-0706-430E-9A82-EE3BA3E87AFF}"
EndProject
Project("{FAE04EC0-301F-11D3-BF4B-00C04F79EFBC}") = "StorEsc.Domain", "src\StorEsc.Domain\StorEsc.Domain.csproj", "{B3D81DB0-B927-4DBD-961A-A38C11E50181}"
EndProject
Project("{FAE04EC0-301F-11D3-BF4B-00C04F79EFBC}") = "StorEsc.Infrastructure", "src\StorEsc.Infrastructure\StorEsc.Infrastructure.csproj", "{B36308AF-17F4-4C55-8EFE-027A669CDFD1}"
EndProject
Project("{FAE04EC0-301F-11D3-BF4B-00C04F79EFBC}") = "StorEsc.Core", "src\StorEsc.Core\StorEsc.Core.csproj", "{FAED2C39-57A3-44EB-965D-26AF008E244F}"
EndProject
Project("{FAE04EC0-301F-11D3-BF4B-00C04F79EFBC}") = "StorEsc.IoC", "src\StorEsc.IoC\StorEsc.IoC.csproj", "{418012A6-E42A-45D4-924D-40A28143213C}"
EndProject
Project("{FAE04EC0-301F-11D3-BF4B-00C04F79EFBC}") = "StorEsc.Api", "src\StorEsc.Api\StorEsc.Api.csproj", "{FD838B0C-003A-401D-8210-A4FDBBE7D631}"
EndProject
Project("{2150E333-8FDC-42A3-9474-1A3956D46DE8}") = "8 - Tests", "8 - Tests", "{E08AF9D0-B9AF-454B-9DB8-0302168DED05}"
EndProject
Project("{FAE04EC0-301F-11D3-BF4B-00C04F79EFBC}") = "StorEsc.Tests", "src\StorEsc.Tests\StorEsc.Tests.csproj", "{E5BBC7D3-C633-49FD-B402-FC79F6F89A99}"
EndProject
Global
	GlobalSection(SolutionConfigurationPlatforms) = preSolution
		Debug|Any CPU = Debug|Any CPU
		Release|Any CPU = Release|Any CPU
	EndGlobalSection
	GlobalSection(NestedProjects) = preSolution
		{B4294A76-A1D8-467C-B851-E1BD7A6FBFDA} = {ACE4707C-ADDB-4118-B940-34A7CF0F9F14}
		{5D8DA9C4-0706-430E-9A82-EE3BA3E87AFF} = {01861283-20D7-4D8D-9516-BEDAFB26E715}
		{B3D81DB0-B927-4DBD-961A-A38C11E50181} = {5565EFF4-099C-4619-BCBA-FA56FEBE83CC}
		{B36308AF-17F4-4C55-8EFE-027A669CDFD1} = {386458BF-2A2B-4922-AE9C-7AEFCE403861}
		{FAED2C39-57A3-44EB-965D-26AF008E244F} = {482D8C5D-DFDF-4BF4-96B6-2AE9EE8AE723}
		{418012A6-E42A-45D4-924D-40A28143213C} = {6857F354-2094-4264-95DA-D736C1F4910E}
		{FD838B0C-003A-401D-8210-A4FDBBE7D631} = {3876D122-8FF9-4B2E-9504-9E869BCA1061}
		{E5BBC7D3-C633-49FD-B402-FC79F6F89A99} = {E08AF9D0-B9AF-454B-9DB8-0302168DED05}
	EndGlobalSection
	GlobalSection(ProjectConfigurationPlatforms) = postSolution
		{B4294A76-A1D8-467C-B851-E1BD7A6FBFDA}.Debug|Any CPU.ActiveCfg = Debug|Any CPU
		{B4294A76-A1D8-467C-B851-E1BD7A6FBFDA}.Debug|Any CPU.Build.0 = Debug|Any CPU
		{B4294A76-A1D8-467C-B851-E1BD7A6FBFDA}.Release|Any CPU.ActiveCfg = Release|Any CPU
		{B4294A76-A1D8-467C-B851-E1BD7A6FBFDA}.Release|Any CPU.Build.0 = Release|Any CPU
		{5D8DA9C4-0706-430E-9A82-EE3BA3E87AFF}.Debug|Any CPU.ActiveCfg = Debug|Any CPU
		{5D8DA9C4-0706-430E-9A82-EE3BA3E87AFF}.Debug|Any CPU.Build.0 = Debug|Any CPU
		{5D8DA9C4-0706-430E-9A82-EE3BA3E87AFF}.Release|Any CPU.ActiveCfg = Release|Any CPU
		{5D8DA9C4-0706-430E-9A82-EE3BA3E87AFF}.Release|Any CPU.Build.0 = Release|Any CPU
		{B3D81DB0-B927-4DBD-961A-A38C11E50181}.Debug|Any CPU.ActiveCfg = Debug|Any CPU
		{B3D81DB0-B927-4DBD-961A-A38C11E50181}.Debug|Any CPU.Build.0 = Debug|Any CPU
		{B3D81DB0-B927-4DBD-961A-A38C11E50181}.Release|Any CPU.ActiveCfg = Release|Any CPU
		{B3D81DB0-B927-4DBD-961A-A38C11E50181}.Release|Any CPU.Build.0 = Release|Any CPU
		{B36308AF-17F4-4C55-8EFE-027A669CDFD1}.Debug|Any CPU.ActiveCfg = Debug|Any CPU
		{B36308AF-17F4-4C55-8EFE-027A669CDFD1}.Debug|Any CPU.Build.0 = Debug|Any CPU
		{B36308AF-17F4-4C55-8EFE-027A669CDFD1}.Release|Any CPU.ActiveCfg = Release|Any CPU
		{B36308AF-17F4-4C55-8EFE-027A669CDFD1}.Release|Any CPU.Build.0 = Release|Any CPU
		{FAED2C39-57A3-44EB-965D-26AF008E244F}.Debug|Any CPU.ActiveCfg = Debug|Any CPU
		{FAED2C39-57A3-44EB-965D-26AF008E244F}.Debug|Any CPU.Build.0 = Debug|Any CPU
		{FAED2C39-57A3-44EB-965D-26AF008E244F}.Release|Any CPU.ActiveCfg = Release|Any CPU
		{FAED2C39-57A3-44EB-965D-26AF008E244F}.Release|Any CPU.Build.0 = Release|Any CPU
		{418012A6-E42A-45D4-924D-40A28143213C}.Debug|Any CPU.ActiveCfg = Debug|Any CPU
		{418012A6-E42A-45D4-924D-40A28143213C}.Debug|Any CPU.Build.0 = Debug|Any CPU
		{418012A6-E42A-45D4-924D-40A28143213C}.Release|Any CPU.ActiveCfg = Release|Any CPU
		{418012A6-E42A-45D4-924D-40A28143213C}.Release|Any CPU.Build.0 = Release|Any CPU
		{FD838B0C-003A-401D-8210-A4FDBBE7D631}.Debug|Any CPU.ActiveCfg = Debug|Any CPU
		{FD838B0C-003A-401D-8210-A4FDBBE7D631}.Debug|Any CPU.Build.0 = Debug|Any CPU
		{FD838B0C-003A-401D-8210-A4FDBBE7D631}.Release|Any CPU.ActiveCfg = Release|Any CPU
		{FD838B0C-003A-401D-8210-A4FDBBE7D631}.Release|Any CPU.Build.0 = Release|Any CPU
		{E5BBC7D3-C633-49FD-B402-FC79F6F89A99}.Debug|Any CPU.ActiveCfg = Debug|Any CPU
		{E5BBC7D3-C633-49FD-B402-FC79F6F89A99}.Debug|Any CPU.Build.0 = Debug|Any CPU
		{E5BBC7D3-C633-49FD-B402-FC79F6F89A99}.Release|Any CPU.ActiveCfg = Release|Any CPU
		{E5BBC7D3-C633-49FD-B402-FC79F6F89A99}.Release|Any CPU.Build.0 = Release|Any CPU
	EndGlobalSection
EndGlobal
